
Microsoft Visual Studio Solution File, Format Version 12.00
# Visual Studio Version 17
VisualStudioVersion = 17.0.32112.339
MinimumVisualStudioVersion = 10.0.40219.1
Project("{9A19103F-16F7-4668-BE54-9A1E7A4F7556}") = "TemperatureConversion", "TemperatureConversion\TemperatureConversion.csproj", "{DF93016F-DF71-46CF-B8AD-2C7C778305BF}"
EndProject
Project("{FAE04EC0-301F-11D3-BF4B-00C04F79EFBC}") = "TemperatureConversionTests", "TemperatureConversionTests\TemperatureConversionTests.csproj", "{F272E8F0-B4B7-4D6D-8183-D77989A4E103}"
EndProject
Global
	GlobalSection(SolutionConfigurationPlatforms) = preSolution
		Debug|Any CPU = Debug|Any CPU
		Release|Any CPU = Release|Any CPU
	EndGlobalSection
	GlobalSection(ProjectConfigurationPlatforms) = postSolution
		{DF93016F-DF71-46CF-B8AD-2C7C778305BF}.Debug|Any CPU.ActiveCfg = Debug|Any CPU
		{DF93016F-DF71-46CF-B8AD-2C7C778305BF}.Debug|Any CPU.Build.0 = Debug|Any CPU
		{DF93016F-DF71-46CF-B8AD-2C7C778305BF}.Release|Any CPU.ActiveCfg = Release|Any CPU
		{DF93016F-DF71-46CF-B8AD-2C7C778305BF}.Release|Any CPU.Build.0 = Release|Any CPU
		{F272E8F0-B4B7-4D6D-8183-D77989A4E103}.Debug|Any CPU.ActiveCfg = Debug|Any CPU
		{F272E8F0-B4B7-4D6D-8183-D77989A4E103}.Debug|Any CPU.Build.0 = Debug|Any CPU
		{F272E8F0-B4B7-4D6D-8183-D77989A4E103}.Release|Any CPU.ActiveCfg = Release|Any CPU
		{F272E8F0-B4B7-4D6D-8183-D77989A4E103}.Release|Any CPU.Build.0 = Release|Any CPU
	EndGlobalSection
	GlobalSection(SolutionProperties) = preSolution
		HideSolutionNode = FALSE
	EndGlobalSection
	GlobalSection(ExtensibilityGlobals) = postSolution
		SolutionGuid = {AF714648-D942-4835-8DBA-2C60A43317DD}
	EndGlobalSection
EndGlobal
